Microsoft Visual Studio Solution File, Format Version 12.00
# Visual Studio Version 17
VisualStudioVersion = 17.5.2.0
MinimumVisualStudioVersion = 10.0.40219.1
Project("{FAE04EC0-301F-11D3-BF4B-00C04F79EFBC}") = "CinemaSystem.Desktop", "CinemaSystem.Desktop.csproj", "{68C37F10-9CB9-56E6-DEC8-35382F29310D}"
EndProject
Global
	GlobalSection(SolutionConfigurationPlatforms) = preSolution
		Debug|Any CPU = Debug|Any CPU
		Release|Any CPU = Release|Any CPU
	EndGlobalSection
	GlobalSection(ProjectConfigurationPlatforms) = postSolution
		{68C37F10-9CB9-56E6-DEC8-35382F29310D}.Debug|Any CPU.ActiveCfg = Debug|Any CPU
		{68C37F10-9CB9-56E6-DEC8-35382F29310D}.Debug|Any CPU.Build.0 = Debug|Any CPU
		{68C37F10-9CB9-56E6-DEC8-35382F29310D}.Release|Any CPU.ActiveCfg = Release|Any CPU
		{68C37F10-9CB9-56E6-DEC8-35382F29310D}.Release|Any CPU.Build.0 = Release|Any CPU
	EndGlobalSection
	GlobalSection(SolutionProperties) = preSolution
		HideSolutionNode = FALSE
	EndGlobalSection
	GlobalSection(ExtensibilityGlobals) = postSolution
		SolutionGuid = {6B490D4E-28AB-4C3A-ADC5-BD5CCA0C21E8}
	EndGlobalSection
EndGlobal
